lockfileVersion: '9.0'

settings:
  autoInstallPeers: true
  excludeLinksFromLockfile: false

importers:

  .:
    devDependencies:
      '@biomejs/biome':
        specifier: ^1.8.3
        version: 1.8.3
      '@playwright/test':
        specifier: ^1.44.1
        version: 1.44.1
      '@rsbuild/core':
        specifier: ^1.0.2
        version: 1.0.2
      '@rsbuild/plugin-react':
        specifier: ^1.0.1
        version: 1.0.1(@rsbuild/core@1.0.2)
      '@rslib/core':
        specifier: ^0.0.16
        version: 0.0.16(typescript@5.5.2)
      '@types/node':
        specifier: ^20.14.1
        version: 20.14.9
      nano-staged:
        specifier: ^0.8.0
        version: 0.8.0
      playwright:
        specifier: ^1.44.1
        version: 1.44.1
      react:
        specifier: ^18.3.1
        version: 18.3.1
      react-dom:
        specifier: ^18.3.1
        version: 18.3.1(react@18.3.1)
      simple-git-hooks:
        specifier: ^2.11.1
        version: 2.11.1
      typescript:
        specifier: ^5.5.2
        version: 5.5.2

packages:

  '@biomejs/biome@1.8.3':
    resolution: {integrity: sha512-/uUV3MV+vyAczO+vKrPdOW0Iaet7UnJMU4bNMinggGJTAnBPjCoLEYcyYtYHNnUNYlv4xZMH6hVIQCAozq8d5w==}
    engines: {node: '>=14.21.3'}
    hasBin: true

  '@biomejs/cli-darwin-arm64@1.8.3':
    resolution: {integrity: sha512-9DYOjclFpKrH/m1Oz75SSExR8VKvNSSsLnVIqdnKexj6NwmiMlKk94Wa1kZEdv6MCOHGHgyyoV57Cw8WzL5n3A==}
    engines: {node: '>=14.21.3'}
    cpu: [arm64]
    os: [darwin]

  '@biomejs/cli-darwin-x64@1.8.3':
    resolution: {integrity: sha512-UeW44L/AtbmOF7KXLCoM+9PSgPo0IDcyEUfIoOXYeANaNXXf9mLUwV1GeF2OWjyic5zj6CnAJ9uzk2LT3v/wAw==}
    engines: {node: '>=14.21.3'}
    cpu: [x64]
    os: [darwin]

  '@biomejs/cli-linux-arm64-musl@1.8.3':
    resolution: {integrity: sha512-9yjUfOFN7wrYsXt/T/gEWfvVxKlnh3yBpnScw98IF+oOeCYb5/b/+K7YNqKROV2i1DlMjg9g/EcN9wvj+NkMuQ==}
    engines: {node: '>=14.21.3'}
    cpu: [arm64]
    os: [linux]

  '@biomejs/cli-linux-arm64@1.8.3':
    resolution: {integrity: sha512-fed2ji8s+I/m8upWpTJGanqiJ0rnlHOK3DdxsyVLZQ8ClY6qLuPc9uehCREBifRJLl/iJyQpHIRufLDeotsPtw==}
    engines: {node: '>=14.21.3'}
    cpu: [arm64]
    os: [linux]

  '@biomejs/cli-linux-x64-musl@1.8.3':
    resolution: {integrity: sha512-UHrGJX7PrKMKzPGoEsooKC9jXJMa28TUSMjcIlbDnIO4EAavCoVmNQaIuUSH0Ls2mpGMwUIf+aZJv657zfWWjA==}
    engines: {node: '>=14.21.3'}
    cpu: [x64]
    os: [linux]

  '@biomejs/cli-linux-x64@1.8.3':
    resolution: {integrity: sha512-I8G2QmuE1teISyT8ie1HXsjFRz9L1m5n83U1O6m30Kw+kPMPSKjag6QGUn+sXT8V+XWIZxFFBoTDEDZW2KPDDw==}
    engines: {node: '>=14.21.3'}
    cpu: [x64]
    os: [linux]

  '@biomejs/cli-win32-arm64@1.8.3':
    resolution: {integrity: sha512-J+Hu9WvrBevfy06eU1Na0lpc7uR9tibm9maHynLIoAjLZpQU3IW+OKHUtyL8p6/3pT2Ju5t5emReeIS2SAxhkQ==}
    engines: {node: '>=14.21.3'}
    cpu: [arm64]
    os: [win32]

  '@biomejs/cli-win32-x64@1.8.3':
    resolution: {integrity: sha512-/PJ59vA1pnQeKahemaQf4Nyj7IKUvGQSc3Ze1uIGi+Wvr1xF7rGobSrAAG01T/gUDG21vkDsZYM03NAmPiVkqg==}
    engines: {node: '>=14.21.3'}
    cpu: [x64]
    os: [win32]

  '@jridgewell/sourcemap-codec@1.5.0':
    resolution: {integrity: sha512-gv3ZRaISU3fjPAgNsriBRqGWQL6quFx04YMPW/zD8XMLsU32mhCCbfbO6KZFLjvYpCZ8zyDEgqsgf+PwPaM7GQ==}

  '@module-federation/runtime-tools@0.5.1':
    resolution: {integrity: sha512-nfBedkoZ3/SWyO0hnmaxuz0R0iGPSikHZOAZ0N/dVSQaIzlffUo35B5nlC2wgWIc0JdMZfkwkjZRrnuuDIJbzg==}

  '@module-federation/runtime@0.5.1':
    resolution: {integrity: sha512-xgiMUWwGLWDrvZc9JibuEbXIbhXg6z2oUkemogSvQ4LKvrl/n0kbqP1Blk669mXzyWbqtSp6PpvNdwaE1aN5xQ==}

  '@module-federation/sdk@0.5.1':
    resolution: {integrity: sha512-exvchtjNURJJkpqjQ3/opdbfeT2wPKvrbnGnyRkrwW5o3FH1LaST1tkiNviT6OXTexGaVc2DahbdniQHVtQ7pA==}

  '@module-federation/webpack-bundler-runtime@0.5.1':
    resolution: {integrity: sha512-mMhRFH0k2VjwHt3Jol9JkUsmI/4XlrAoBG3E0o7HoyoPYv1UFOWyqAflfANcUPgbYpvqmyLzDcO+3IT36LXnrA==}

  '@playwright/test@1.44.1':
    resolution: {integrity: sha512-1hZ4TNvD5z9VuhNJ/walIjvMVvYkZKf71axoF/uiAqpntQJXpG64dlXhoDXE3OczPuTuvjf/M5KWFg5VAVUS3Q==}
    engines: {node: '>=16'}
    hasBin: true

  '@rsbuild/core@1.0.19':
    resolution: {integrity: sha512-63DAPvYfRBoUrb51BUPb4Xoqx48MHQ0yLcmnCiqZGpMeKYtTWzD+lyx5va4cr9qvdnIFTAX2BMuYC/j5iSrtTA==}
    engines: {node: '>=16.7.0'}
    hasBin: true

  '@rsbuild/core@1.0.2':
    resolution: {integrity: sha512-kEHmNj4QjDoqvyswEiz8gJCdc2Yo4SXlQD+TnY7ch8pTVs6kLnXRa1KclFLCdgwYnikYvvPsbBERSF8Y2I3KDg==}
    engines: {node: '>=16.7.0'}
    hasBin: true

  '@rsbuild/plugin-react@1.0.1':
    resolution: {integrity: sha512-JdbuM/Ycwky6XPc0YmXXcDzUYZ4JxIORcio1MB+fJNMOrs3PP1hJF5vUm5NfA7YY391fIMxD9W4oB3GQUI5c6A==}
    peerDependencies:
      '@rsbuild/core': 1.x || ^1.0.1-rc.0

  '@rslib/core@0.0.16':
    resolution: {integrity: sha512-g6IFUZW0K7DDKK/27kF7DOKhP5JIqZoIVAU0c9DZffRE3Pw9sWTyEyVN/kaEnp5k3gaeQTBpcV9nSW+41B2slQ==}
    engines: {node: '>=16.0.0'}
    hasBin: true
    peerDependencies:
      '@microsoft/api-extractor': ^7
      typescript: ^5
    peerDependenciesMeta:
      '@microsoft/api-extractor':
        optional: true
      typescript:
        optional: true

  '@rspack/binding-darwin-arm64@1.0.14':
    resolution: {integrity: sha512-dHvlF6T6ctThGDIdvkSdacroA1xlCxfteuppBj8BX/UxzLPr4xsaEtNilfJmFfd2/J02UQyTQauN/9EBuA+YkA==}
    cpu: [arm64]
    os: [darwin]

  '@rspack/binding-darwin-arm64@1.0.4':
    resolution: {integrity: sha512-HR4OVarDhLYAd3GRus26mGjaoEkvFGSdhRHWPXkTqPWT1QIx+cMTDe2dUnEb/CZyvpH0afLBlVHrxqUBNiLT/Q==}
    cpu: [arm64]
    os: [darwin]

  '@rspack/binding-darwin-x64@1.0.14':
    resolution: {integrity: sha512-q4Da1Bn/4xTLhhnOkT+fjP2STsSCfp4z03/J/h8tCVG/UYz56Ud3q1UEOK33c5Fxw1C4GlhEh5yYOlSAdxFQLQ==}
    cpu: [x64]
    os: [darwin]

  '@rspack/binding-darwin-x64@1.0.4':
    resolution: {integrity: sha512-3L/vrzrcBpg1h7SqD+9m7CB0UlkDt3aOyJGZc0vwLOQM8IezRsawEoidyN9KyYhpDzBZHzLAUnsva33BcbFJYQ==}
    cpu: [x64]
    os: [darwin]

  '@rspack/binding-linux-arm64-gnu@1.0.14':
    resolution: {integrity: sha512-JogYtL3VQS9wJ3p3FNhDqinm7avrMsdwz4erP7YCjD7idob93GYAE7dPrHUzSNVnCBYXRaHJYZHDQs7lKVcYZw==}
    cpu: [arm64]
    os: [linux]

  '@rspack/binding-linux-arm64-gnu@1.0.4':
    resolution: {integrity: sha512-Ggo2tLJKOFNsdcg9H3eYSUy03Wrq0PMVIlm50p/LLAMlfYm3kxBDNv7fP13fxlUe/oqXtFcVOlmMezbMH4oz8w==}
    cpu: [arm64]
    os: [linux]

  '@rspack/binding-linux-arm64-musl@1.0.14':
    resolution: {integrity: sha512-qgybhxI/nnoa8CUz7zKTC0Oh37NZt9uRxsSV7+ZYrfxqbrVCoNVuutPpY724uUHy1M6W34kVEm1uT1N4Ka5cZg==}
    cpu: [arm64]
    os: [linux]

  '@rspack/binding-linux-arm64-musl@1.0.4':
    resolution: {integrity: sha512-2FeDh8/THJTH2N4XpFC9oRvdDlkOw6bQ+vS8x1jLUXj+CDwqmUiECjh+78o4qwe1EH2egWDmkq84RQ+KoR37mQ==}
    cpu: [arm64]
    os: [linux]

  '@rspack/binding-linux-x64-gnu@1.0.14':
    resolution: {integrity: sha512-5vzaDRw3/sGKo3ax/1cU3/cxqNjajwlt2LU288vXNe1/n8oe/pcDfYcTugpOe/A1DqzadanudJszLpFcKsaFtQ==}
    cpu: [x64]
    os: [linux]

  '@rspack/binding-linux-x64-gnu@1.0.4':
    resolution: {integrity: sha512-k2YQ579fDfXBw4KJMvZQQPShFUSln7wqtG59ltNLBejgFSxOtlMfLhY5oSuRvFCtsAS4SQUPOmUmfW/0dpCa7A==}
    cpu: [x64]
    os: [linux]

  '@rspack/binding-linux-x64-musl@1.0.14':
    resolution: {integrity: sha512-4U6QD9xVS1eGme52DuJr6Fg/KdcUfJ+iKwH49Up460dZ/fLvGylnVGA+V0mzPlKi8gfy7NwFuYXZdu3Pwi1YYg==}
    cpu: [x64]
    os: [linux]

  '@rspack/binding-linux-x64-musl@1.0.4':
    resolution: {integrity: sha512-1Pmuq3qnE45U7uhCJNtRbDiQVF+U4BXbsA+ISNd3Gp/MUZqpuOOgrND9OWw7d+xKRifzEMtd81DaPMkrcXyRvw==}
    cpu: [x64]
    os: [linux]

  '@rspack/binding-win32-arm64-msvc@1.0.14':
    resolution: {integrity: sha512-SjeYw7qqRHYZ5RPClu+ffKZsShQdU3amA1OwC3M0AS6dbfEcji8482St3Y8Z+QSzYRapCEZij9LMM/9ypEhISg==}
    cpu: [arm64]
    os: [win32]

  '@rspack/binding-win32-arm64-msvc@1.0.4':
    resolution: {integrity: sha512-3tBP4xTAe8XRAlchMj2nlQXy2GOICA5StFK0kQMRId4V3xfgjlKDb/dMHMEHH4R1to1f9er9R0cRydUNP5AnbQ==}
    cpu: [arm64]
    os: [win32]

  '@rspack/binding-win32-ia32-msvc@1.0.14':
    resolution: {integrity: sha512-m1gUiVyz3Z3VYIK/Ayo5CVHBjnEeRk9a+KIpKSsq1yhZItnMgjtr4bKabU9vjxalO4UoaSmVzODJI8lJBlnn5Q==}
    cpu: [ia32]
    os: [win32]

  '@rspack/binding-win32-ia32-msvc@1.0.4':
    resolution: {integrity: sha512-VCXXhOh9aWg31RfvJL87cvqIeL8h+gG2LPkXCJ8kzvQItLg6vlXABCGHf3NlaVUnDtAHnhsAT1sOHiD8G/kMfg==}
    cpu: [ia32]
    os: [win32]

  '@rspack/binding-win32-x64-msvc@1.0.14':
    resolution: {integrity: sha512-Gbeg+bayMF9VP9xmlxySL/TC2XrS6/LZM/pqcNOTLHx6LMG/VXCcmKB0rOZo8MzLXEt8D/lQmQ/B6g7pSaAw0g==}
    cpu: [x64]
    os: [win32]

  '@rspack/binding-win32-x64-msvc@1.0.4':
    resolution: {integrity: sha512-hlhAZVpL1MmGJUZ730JvOL6zc12BlfIIwRNnn0PkCrNSxNOYknkfKVix8CfPU9r8L2W8MOJfsbtjteCiJmJnQA==}
    cpu: [x64]
    os: [win32]

  '@rspack/binding@1.0.14':
    resolution: {integrity: sha512-0wWqFvr9hkF4LgNPgWfkTU0hhkZAMvOytoCs2p+wDX1Up1E/SgJ1U1JAsCxsl1XtUKm7mRvdWHzJmHbza3y89Q==}

  '@rspack/binding@1.0.4':
    resolution: {integrity: sha512-YbVyVWvYXCAqUqIyBPEwl+M0js4BqVAxqnsRiZG861MXrqNyYbGOMTcc3Pc6D0SW/gkcWugGWzQ5jgMjAIhHzw==}

  '@rspack/core@1.0.14':
    resolution: {integrity: sha512-xHl23lxJZNjItGc5YuE9alz3yjb56y7EgJmAcBMPHMqgjtUt8rBu4xd/cSUjbr9/lLF9N4hdyoJiPJOFs9LEjw==}
    engines: {node: '>=16.0.0'}
    peerDependencies:
      '@swc/helpers': '>=0.5.1'
    peerDependenciesMeta:
      '@swc/helpers':
        optional: true

  '@rspack/core@1.0.4':
    resolution: {integrity: sha512-/R3JenF5wJSj3DPxiewyIPGzuZV336XpRORjUAOvbHPK6zea8Eeqcx6RopWM6TMikRYdZOHThKV99tyi4QLsMg==}
    engines: {node: '>=16.0.0'}
    peerDependencies:
      '@swc/helpers': '>=0.5.1'
    peerDependenciesMeta:
      '@swc/helpers':
        optional: true

  '@rspack/lite-tapable@1.0.0':
    resolution: {integrity: sha512-7MZf4lburSUZoEenwazwUDKHhqyfnLCGnQ/tKcUtztfmVzfjZfRn/EaiT0AKkYGnL2U8AGsw89oUeVyvaOLVCw==}
    engines: {node: '>=16.0.0'}

  '@rspack/lite-tapable@1.0.1':
    resolution: {integrity: sha512-VynGOEsVw2s8TAlLf/uESfrgfrq2+rcXB1muPJYBWbsm1Oa6r5qVQhjA5ggM6z/coYPrsVMgovl3Ff7Q7OCp1w==}
    engines: {node: '>=16.0.0'}

  '@rspack/plugin-react-refresh@1.0.0':
    resolution: {integrity: sha512-WvXkLewW5G0Mlo5H1b251yDh5FFiH4NDAbYlFpvFjcuXX2AchZRf9zdw57BDE/ADyWsJgA8kixN/zZWBTN3iYA==}
    peerDependencies:
      react-refresh: '>=0.10.0 <1.0.0'
    peerDependenciesMeta:
      react-refresh:
        optional: true

  '@swc/helpers@0.5.13':
    resolution: {integrity: sha512-UoKGxQ3r5kYI9dALKJapMmuK+1zWM/H17Z1+iwnNmzcJRnfFuevZs375TA5rW31pu4BS4NoSy1fRsexDXfWn5w==}

  '@types/node@20.14.9':
    resolution: {integrity: sha512-06OCtnTXtWOZBJlRApleWndH4JsRVs1pDCc8dLSQp+7PpUpX3ePdHyeNSFTeSe7FtKyQkrlPvHwJOW3SLd8Oyg==}

  caniuse-lite@1.0.30001660:
    resolution: {integrity: sha512-GacvNTTuATm26qC74pt+ad1fW15mlQ/zuTzzY1ZoIzECTP8HURDfF43kNxPgf7H1jmelCBQTTbBNxdSXOA7Bqg==}

  core-js@3.38.1:
    resolution: {integrity: sha512-OP35aUorbU3Zvlx7pjsFdu1rGNnD4pgw/CWoYzRY3t2EzoVT7shKHY1dlAy3f41cGIO7ZDPQimhGFTlEYkG/Hw==}

  error-stack-parser@2.1.4:
    resolution: {integrity: sha512-Sk5V6wVazPhq5MhpO+AUxJn5x7XSXGl1R93Vn7i+zS15KDVxQijejNCrz8340/2bgLBjR9GtEG8ZVKONDjcqGQ==}

  fdir@6.4.2:
    resolution: {integrity: sha512-KnhMXsKSPZlAhp7+IjUkRZKPb4fUyccpDrdFXbi4QL1qkmFh9kVY09Yox+n4MaOb3lHZ1Tv829C3oaaXoMYPDQ==}
    peerDependencies:
      picomatch: ^3 || ^4
    peerDependenciesMeta:
      picomatch:
        optional: true

  fsevents@2.3.2:
    resolution: {integrity: sha512-xiqMQR4xAeHTuB9uWm+fFRcIOgKBMiOBP+eXiyT7jsgVCq1bkVygt00oASowB7EdtpOHaaPgKt812P9ab+DDKA==}
    engines: {node: ^8.16.0 || ^10.6.0 || >=11.0.0}
    os: [darwin]

  fsevents@2.3.3:
    resolution: {integrity: sha512-5xoDfX+fL7faATnagmWPpbFtwh/R77WmMMqqHGS65C3vvB0YHrgF+B1YmZ3441tMj5n63k0212XNoJwzlhffQw==}
    engines: {node: ^8.16.0 || ^10.6.0 || >=11.0.0}
    os: [darwin]

  html-entities@2.5.2:
    resolution: {integrity: sha512-K//PSRMQk4FZ78Kyau+mZurHn3FH0Vwr+H36eE0rPbeYkRRi9YxceYPhuN60UwWorxyKHhqoAJl2OFKa4BVtaA==}

  js-tokens@4.0.0:
    resolution: {integrity: sha512-RdJUflcE3cUzKiMqQgsCu06FPu9UdIJO0beYbPhHN4k6apgJtifcoCtT9bcxOpYBtpD2kCM6Sbzg4CausW/PKQ==}

  loose-envify@1.4.0:
    resolution: {integrity: sha512-lyuxPGr/Wfhrlem2CL/UcnUc1zcqKAImBDzukY7Y5F/yQiNdko6+fRLevlw1HgMySw7f611UIY408EtxRSoK3Q==}
    hasBin: true

  magic-string@0.30.12:
    resolution: {integrity: sha512-Ea8I3sQMVXr8JhN4z+H/d8zwo+tYDgHE9+5G4Wnrwhs0gaK9fXTKx0Tw5Xwsd/bCPTTZNRAdpyzvoeORe9LYpw==}

  nano-staged@0.8.0:
    resolution: {integrity: sha512-QSEqPGTCJbkHU2yLvfY6huqYPjdBrOaTMKatO1F8nCSrkQGXeKwtCiCnsdxnuMhbg3DTVywKaeWLGCE5oJpq0g==}
    engines: {node: ^12.20.0 || ^14.13.1 || >=16.0.0}
    hasBin: true

  picocolors@1.0.0:
    resolution: {integrity: sha512-1fygroTLlHu66zi26VoTDv8yRgm0Fccecssto+MhsZ0D/DGW2sm8E8AjW7NU5VVTRt5GxbeZ5qBuJr+HyLYkjQ==}

  picocolors@1.1.1:
    resolution: {integrity: sha512-xceH2snhtb5M9liqDsmEw56le376mTZkEX/jEb/RxNFyegNul7eNslCXP9FDj/Lcu0X8KEyMceP2ntpaHrDEVA==}

  picomatch@4.0.2:
    resolution: {integrity: sha512-M7BAV6Rlcy5u+m6oPhAPFgJTzAioX/6B0DxyvDlo9l8+T3nLKbrczg2WLUyzd45L8RqfUMyGPzekbMvX2Ldkwg==}
    engines: {node: '>=12'}

  playwright-core@1.44.1:
    resolution: {integrity: sha512-wh0JWtYTrhv1+OSsLPgFzGzt67Y7BE/ZS3jEqgGBlp2ppp1ZDj8c+9IARNW4dwf1poq5MgHreEM2KV/GuR4cFA==}
    engines: {node: '>=16'}
    hasBin: true

  playwright@1.44.1:
    resolution: {integrity: sha512-qr/0UJ5CFAtloI3avF95Y0L1xQo6r3LQArLIg/z/PoGJ6xa+EwzrwO5lpNr/09STxdHuUoP2mvuELJS+hLdtgg==}
    engines: {node: '>=16'}
    hasBin: true

  react-dom@18.3.1:
    resolution: {integrity: sha512-5m4nQKp+rZRb09LNH59GM4BxTh9251/ylbKIbpe7TpGxfJ+9kv6BLkLBXIjjspbgbnIBNqlI23tRnTWT0snUIw==}
    peerDependencies:
      react: ^18.3.1

  react-refresh@0.14.2:
    resolution: {integrity: sha512-jCvmsr+1IUSMUyzOkRcvnVbX3ZYC6g9TDrDbFuFmRDq7PD4yaGbLKNQL6k2jnArV8hjYxh7hVhAZB6s9HDGpZA==}
    engines: {node: '>=0.10.0'}

  react@18.3.1:
    resolution: {integrity: sha512-wS+hAgJShR0KhEvPJArfuPVN1+Hz1t0Y6n5jLrGQbkb4urgPE/0Rve+1kMB1v/oWgHgm4WIcV+i7F2pTVj+2iQ==}
    engines: {node: '>=0.10.0'}

  rsbuild-plugin-dts@0.0.16:
    resolution: {integrity: sha512-Yfc7h1cTTp55baLgS6DVa3mlLaFlNfoUVmcX7hCH1BT1fNbMabnngvXDtfqJpP62QyXcfrXNmcW0fznTYKgKmA==}
    engines: {node: '>=16.0.0'}
    peerDependencies:
      '@microsoft/api-extractor': ^7
      '@rsbuild/core': 1.x
      typescript: ^5
    peerDependenciesMeta:
      '@microsoft/api-extractor':
        optional: true
      typescript:
        optional: true

  scheduler@0.23.2:
    resolution: {integrity: sha512-UOShsPwz7NrMUqhR6t0hWjFduvOzbtv7toDH1/hIrfRNIDBnnBWd0CwJTGvTpngVlmwGCdP9/Zl/tVrDqcuYzQ==}

  simple-git-hooks@2.11.1:
    resolution: {integrity: sha512-tgqwPUMDcNDhuf1Xf6KTUsyeqGdgKMhzaH4PAZZuzguOgTl5uuyeYe/8mWgAr6IBxB5V06uqEf6Dy37gIWDtDg==}
    hasBin: true

  stackframe@1.3.4:
    resolution: {integrity: sha512-oeVtt7eWQS+Na6F//S4kJ2K2VbRlS9D43mAlMyVpVWovy9o+jfgH8O9agzANzaiLjclA0oYzUXEM4PurhSUChw==}

  tinyglobby@0.2.10:
    resolution: {integrity: sha512-Zc+8eJlFMvgatPZTl6A9L/yht8QqdmUNtURHaKZLmKBE12hNPSrqNkUp2cs3M/UKmNVVAMFQYSjYIVHDjW5zew==}
    engines: {node: '>=12.0.0'}

  tslib@2.6.2:
    resolution: {integrity: sha512-AEYxH93jGFPn/a2iVAwW87VuUIkR1FVUKB77NwMF7nBTDkDrrT/Hpt/IrCJ0QXhW27jTBDcf5ZY7w6RiqTMw2Q==}

  typescript@5.5.2:
    resolution: {integrity: sha512-NcRtPEOsPFFWjobJEtfihkLCZCXZt/os3zf8nTxjVH3RvTSxjrCamJpbExGvYOF+tFHc3pA65qpdwPbzjohhew==}
    engines: {node: '>=14.17'}
    hasBin: true

  undici-types@5.26.5:
    resolution: {integrity: sha512-JlCMO+ehdEIKqlFxk6IfVoAUVmgz7cU7zD/h9XZ0qzeosSHmUJVOzSQvvYSYWXkFXC+IfLKSIffhv0sVZup6pA==}

snapshots:

  '@biomejs/biome@1.8.3':
    optionalDependencies:
      '@biomejs/cli-darwin-arm64': 1.8.3
      '@biomejs/cli-darwin-x64': 1.8.3
      '@biomejs/cli-linux-arm64': 1.8.3
      '@biomejs/cli-linux-arm64-musl': 1.8.3
      '@biomejs/cli-linux-x64': 1.8.3
      '@biomejs/cli-linux-x64-musl': 1.8.3
      '@biomejs/cli-win32-arm64': 1.8.3
      '@biomejs/cli-win32-x64': 1.8.3

  '@biomejs/cli-darwin-arm64@1.8.3':
    optional: true

  '@biomejs/cli-darwin-x64@1.8.3':
    optional: true

  '@biomejs/cli-linux-arm64-musl@1.8.3':
    optional: true

  '@biomejs/cli-linux-arm64@1.8.3':
    optional: true

  '@biomejs/cli-linux-x64-musl@1.8.3':
    optional: true

  '@biomejs/cli-linux-x64@1.8.3':
    optional: true

  '@biomejs/cli-win32-arm64@1.8.3':
    optional: true

  '@biomejs/cli-win32-x64@1.8.3':
    optional: true

  '@jridgewell/sourcemap-codec@1.5.0': {}

  '@module-federation/runtime-tools@0.5.1':
    dependencies:
      '@module-federation/runtime': 0.5.1
      '@module-federation/webpack-bundler-runtime': 0.5.1

  '@module-federation/runtime@0.5.1':
    dependencies:
      '@module-federation/sdk': 0.5.1

  '@module-federation/sdk@0.5.1': {}

  '@module-federation/webpack-bundler-runtime@0.5.1':
    dependencies:
      '@module-federation/runtime': 0.5.1
      '@module-federation/sdk': 0.5.1

  '@playwright/test@1.44.1':
    dependencies:
      playwright: 1.44.1

  '@rsbuild/core@1.0.19':
    dependencies:
      '@rspack/core': 1.0.14(@swc/helpers@0.5.13)
      '@rspack/lite-tapable': 1.0.1
      '@swc/helpers': 0.5.13
      core-js: 3.38.1
    optionalDependencies:
      fsevents: 2.3.3

  '@rsbuild/core@1.0.2':
    dependencies:
      '@rspack/core': 1.0.4(@swc/helpers@0.5.13)
      '@rspack/lite-tapable': 1.0.0
      '@swc/helpers': 0.5.13
      caniuse-lite: 1.0.30001660
      core-js: 3.38.1
    optionalDependencies:
      fsevents: 2.3.3

  '@rsbuild/plugin-react@1.0.1(@rsbuild/core@1.0.2)':
    dependencies:
      '@rsbuild/core': 1.0.2
      '@rspack/plugin-react-refresh': 1.0.0(react-refresh@0.14.2)
      react-refresh: 0.14.2

  '@rslib/core@0.0.16(typescript@5.5.2)':
    dependencies:
      '@rsbuild/core': 1.0.19
      rsbuild-plugin-dts: 0.0.16(@rsbuild/core@1.0.19)(typescript@5.5.2)
      tinyglobby: 0.2.10
    optionalDependencies:
      typescript: 5.5.2

  '@rspack/binding-darwin-arm64@1.0.14':
    optional: true

  '@rspack/binding-darwin-arm64@1.0.4':
    optional: true

  '@rspack/binding-darwin-x64@1.0.14':
    optional: true

  '@rspack/binding-darwin-x64@1.0.4':
    optional: true

  '@rspack/binding-linux-arm64-gnu@1.0.14':
    optional: true

  '@rspack/binding-linux-arm64-gnu@1.0.4':
    optional: true

  '@rspack/binding-linux-arm64-musl@1.0.14':
    optional: true

  '@rspack/binding-linux-arm64-musl@1.0.4':
    optional: true

  '@rspack/binding-linux-x64-gnu@1.0.14':
    optional: true

  '@rspack/binding-linux-x64-gnu@1.0.4':
    optional: true

  '@rspack/binding-linux-x64-musl@1.0.14':
    optional: true

  '@rspack/binding-linux-x64-musl@1.0.4':
    optional: true

  '@rspack/binding-win32-arm64-msvc@1.0.14':
    optional: true

  '@rspack/binding-win32-arm64-msvc@1.0.4':
    optional: true

  '@rspack/binding-win32-ia32-msvc@1.0.14':
    optional: true

  '@rspack/binding-win32-ia32-msvc@1.0.4':
    optional: true

  '@rspack/binding-win32-x64-msvc@1.0.14':
    optional: true

  '@rspack/binding-win32-x64-msvc@1.0.4':
    optional: true

  '@rspack/binding@1.0.14':
    optionalDependencies:
      '@rspack/binding-darwin-arm64': 1.0.14
      '@rspack/binding-darwin-x64': 1.0.14
      '@rspack/binding-linux-arm64-gnu': 1.0.14
      '@rspack/binding-linux-arm64-musl': 1.0.14
      '@rspack/binding-linux-x64-gnu': 1.0.14
      '@rspack/binding-linux-x64-musl': 1.0.14
      '@rspack/binding-win32-arm64-msvc': 1.0.14
      '@rspack/binding-win32-ia32-msvc': 1.0.14
      '@rspack/binding-win32-x64-msvc': 1.0.14

  '@rspack/binding@1.0.4':
    optionalDependencies:
      '@rspack/binding-darwin-arm64': 1.0.4
      '@rspack/binding-darwin-x64': 1.0.4
      '@rspack/binding-linux-arm64-gnu': 1.0.4
      '@rspack/binding-linux-arm64-musl': 1.0.4
      '@rspack/binding-linux-x64-gnu': 1.0.4
      '@rspack/binding-linux-x64-musl': 1.0.4
      '@rspack/binding-win32-arm64-msvc': 1.0.4
      '@rspack/binding-win32-ia32-msvc': 1.0.4
      '@rspack/binding-win32-x64-msvc': 1.0.4

  '@rspack/core@1.0.14(@swc/helpers@0.5.13)':
    dependencies:
      '@module-federation/runtime-tools': 0.5.1
      '@rspack/binding': 1.0.14
      '@rspack/lite-tapable': 1.0.1
      caniuse-lite: 1.0.30001660
    optionalDependencies:
      '@swc/helpers': 0.5.13

  '@rspack/core@1.0.4(@swc/helpers@0.5.13)':
    dependencies:
      '@module-federation/runtime-tools': 0.5.1
      '@rspack/binding': 1.0.4
      '@rspack/lite-tapable': 1.0.0
      caniuse-lite: 1.0.30001660
    optionalDependencies:
      '@swc/helpers': 0.5.13

  '@rspack/lite-tapable@1.0.0': {}

  '@rspack/lite-tapable@1.0.1': {}

  '@rspack/plugin-react-refresh@1.0.0(react-refresh@0.14.2)':
    dependencies:
      error-stack-parser: 2.1.4
      html-entities: 2.5.2
    optionalDependencies:
      react-refresh: 0.14.2

  '@swc/helpers@0.5.13':
    dependencies:
      tslib: 2.6.2

  '@types/node@20.14.9':
    dependencies:
      undici-types: 5.26.5

  caniuse-lite@1.0.30001660: {}

  core-js@3.38.1: {}

  error-stack-parser@2.1.4:
    dependencies:
      stackframe: 1.3.4

  fdir@6.4.2(picomatch@4.0.2):
    optionalDependencies:
      picomatch: 4.0.2

  fsevents@2.3.2:
    optional: true

  fsevents@2.3.3:
    optional: true

  html-entities@2.5.2: {}

  js-tokens@4.0.0: {}

  loose-envify@1.4.0:
    dependencies:
      js-tokens: 4.0.0

  magic-string@0.30.12:
    dependencies:
      '@jridgewell/sourcemap-codec': 1.5.0

  nano-staged@0.8.0:
    dependencies:
      picocolors: 1.0.0

  picocolors@1.0.0: {}

  picocolors@1.1.1: {}

  picomatch@4.0.2: {}

  playwright-core@1.44.1: {}

  playwright@1.44.1:
    dependencies:
      playwright-core: 1.44.1
    optionalDependencies:
      fsevents: 2.3.2

  react-dom@18.3.1(react@18.3.1):
    dependencies:
      loose-envify: 1.4.0
      react: 18.3.1
      scheduler: 0.23.2

  react-refresh@0.14.2: {}

  react@18.3.1:
    dependencies:
      loose-envify: 1.4.0

  rsbuild-plugin-dts@0.0.16(@rsbuild/core@1.0.19)(typescript@5.5.2):
    dependencies:
      '@rsbuild/core': 1.0.19
      magic-string: 0.30.12
      picocolors: 1.1.1
      tinyglobby: 0.2.10
    optionalDependencies:
      typescript: 5.5.2

  scheduler@0.23.2:
    dependencies:
      loose-envify: 1.4.0

  simple-git-hooks@2.11.1: {}

  stackframe@1.3.4: {}

  tinyglobby@0.2.10:
    dependencies:
      fdir: 6.4.2(picomatch@4.0.2)
      picomatch: 4.0.2

  tslib@2.6.2: {}

  typescript@5.5.2: {}

  undici-types@5.26.5: {}
